PODS:
  - SwiftMessages (9.0.3):
    - SwiftMessages/App (= 9.0.3)
  - SwiftMessages/App (9.0.3)

DEPENDENCIES:
  - SwiftMessages

SPEC REPOS:
  trunk:
    - SwiftMessages

SPEC CHECKSUMS:
  SwiftMessages: 077f19126c24033fe24042237ecc20261adb46e4

PODFILE CHECKSUM: 41241188454dc4dab88ed950b603f5e1fbe12410

COCOAPODS: 1.10.1
